{"version":4,"terraform_version":"1.9.1","serial":5,"lineage":"a989ac77-e220-986f-39af-e67255084087","outputs":{"uptime_monitor_ip":{"value":"34.72.70.54","type":"string"}},"resources":[{"mode":"managed","type":"google_compute_address","name":"uptime_ip","provider":"provider[\"registry.opentofu.org/hashicorp/google\"]","instances":[{"schema_version":0,"attributes":{"address":"34.72.70.54","address_type":"EXTERNAL","creation_timestamp":"2025-06-09T16:23:56.861-07:00","description":"","id":"projects/data2insights-462216/regions/us-central1/addresses/uptime-monitor-ip","ip_version":"","ipv6_endpoint_type":"","name":"uptime-monitor-ip","network":"","network_tier":"PREMIUM","prefix_length":0,"project":"data2insights-462216","purpose":"","region":"us-central1","self_link":"https://www.googleapis.com/compute/v1/projects/data2insights-462216/regions/us-central1/addresses/uptime-monitor-ip","subnetwork":"","timeouts":null,"users":["https://www.googleapis.com/compute/v1/projects/data2insights-462216/zones/us-central1-a/instances/uptime-monitor"]},"sensitive_attributes":[],"private":"eyJlMmJmYjczMC1lY2FhLTExZTYtOGY4OC0zNDM2M2JjN2M0YzAiOnsiY3JlYXRlIjoxMjAwMDAwMDAwMDAwLCJkZWxldGUiOjEyMDAwMDAwMDAwMDB9fQ=="}]},{"mode":"managed","type":"google_compute_firewall","name":"allow_ssh","provider":"provider[\"registry.opentofu.org/hashicorp/google\"]","instances":[{"schema_version":1,"attributes":{"allow":[{"ports":["22"],"protocol":"tcp"}],"creation_timestamp":"2025-06-09T16:23:56.454-07:00","deny":[],"description":"","destination_ranges":[],"direction":"INGRESS","disabled":false,"enable_logging":null,"id":"projects/data2insights-462216/global/firewalls/allow-ssh-uptime","log_config":[],"name":"allow-ssh-uptime","network":"https://www.googleapis.com/compute/v1/projects/data2insights-462216/global/networks/default","priority":1000,"project":"data2insights-462216","self_link":"https://www.googleapis.com/compute/v1/projects/data2insights-462216/global/firewalls/allow-ssh-uptime","source_ranges":["0.0.0.0/0"],"source_service_accounts":[],"source_tags":[],"target_service_accounts":[],"target_tags":[],"timeouts":null},"sensitive_attributes":[],"private":"eyJlMmJmYjczMC1lY2FhLTExZTYtOGY4OC0zNDM2M2JjN2M0YzAiOnsiY3JlYXRlIjoxMjAwMDAwMDAwMDAwLCJkZWxldGUiOjEyMDAwMDAwMDAwMDAsInVwZGF0ZSI6MTIwMDAwMDAwMDAwMH0sInNjaGVtYV92ZXJzaW9uIjoiMSJ9"}]},{"mode":"managed","type":"google_compute_instance","name":"uptime_monitor","provider":"provider[\"registry.opentofu.org/hashicorp/google\"]","instances":[{"schema_version":6,"attributes":{"advanced_machine_features":[],"allow_stopping_for_update":null,"attached_disk":[],"boot_disk":[{"auto_delete":true,"device_name":"persistent-disk-0","disk_encryption_key_raw":"","disk_encryption_key_sha256":"","initialize_params":[{"image":"https://www.googleapis.com/compute/v1/projects/ubuntu-os-cloud/global/images/ubuntu-2204-jammy-v20250606","labels":{},"resource_manager_tags":{},"size":10,"type":"pd-standard"}],"kms_key_self_link":"","mode":"READ_WRITE","source":"https://www.googleapis.com/compute/v1/projects/data2insights-462216/zones/us-central1-a/disks/uptime-monitor"}],"can_ip_forward":false,"confidential_instance_config":[],"cpu_platform":"AMD Rome","current_status":"RUNNING","deletion_protection":false,"description":"","desired_status":null,"enable_display":false,"guest_accelerator":[],"hostname":"","id":"projects/data2insights-462216/zones/us-central1-a/instances/uptime-monitor","instance_id":"2469415798073644023","label_fingerprint":"42WmSpB8rSM=","labels":{},"machine_type":"e2-micro","metadata":{"ssh-keys":"wgelpi:ssh-rsa AAAAB3NzaC1yc2EAAAADAQABAAABgQC1z9GZmZT+as7P/crKdSF/qUsLqjmoYj7LE5R8iQNzypoL5BObVzs/5ba1/zIcnKFgvcqkrpNYDOwOjag7DN6sMQ8W1Suig9HuzrfghnLdvNuwJWLxyceeHXa6uyyCC/l0PSFoYFiY3a3Isr237qzLtGn1TwvCWy0kE0B2TC6JkGgu9BklFx9V9qjN7NbmXo3jDRJP9rh545LfSeh6LQ10tgr8xfBWZ6zS0SazTDyKHEktmucMVFGtCaGFwaZmYvGE1MMWQwJdHWtNOIjR6fMwD/zbjs9zttLyUACH/gaBpfonagB7rR4oqPse/ZdUxBkKtVoUbvMpxXLKGe1I5vxvx7LcEsOCGbUPMr9+UGxBGFT9ALHeU68OsIDnKf3Nsml+8NDdRIwKupKG2lBqc0Yk7uvnebvQpzANWWn3HQcAsYixsd9muAICVpKtBj6az+dRfh91U/Ljee/kMuKcKnc23JoDeFjI9xqQQb5BBkQu3KQ8lNvn8wSpv1lH1zI4jfU= wgelpi@DESKTOP-1AJ431G\n"},"metadata_fingerprint":"HImu8uT1DP0=","metadata_startup_script":null,"min_cpu_platform":"","name":"uptime-monitor","network_interface":[{"access_config":[{"nat_ip":"34.72.70.54","network_tier":"PREMIUM","public_ptr_domain_name":""}],"alias_ip_range":[],"internal_ipv6_prefix_length":0,"ipv6_access_config":[],"ipv6_access_type":"","ipv6_address":"","name":"nic0","network":"https://www.googleapis.com/compute/v1/projects/data2insights-462216/global/networks/default","network_ip":"10.128.0.2","nic_type":"","queue_count":0,"stack_type":"IPV4_ONLY","subnetwork":"https://www.googleapis.com/compute/v1/projects/data2insights-462216/regions/us-central1/subnetworks/default","subnetwork_project":"data2insights-462216"}],"network_performance_config":[],"params":[],"project":"data2insights-462216","reservation_affinity":[],"resource_policies":[],"scheduling":[{"automatic_restart":true,"instance_termination_action":"","local_ssd_recovery_timeout":[],"min_node_cpus":0,"node_affinities":[],"on_host_maintenance":"MIGRATE","preemptible":false,"provisioning_model":"STANDARD"}],"scratch_disk":[],"self_link":"https://www.googleapis.com/compute/v1/projects/data2insights-462216/zones/us-central1-a/instances/uptime-monitor","service_account":[],"shielded_instance_config":[{"enable_integrity_monitoring":true,"enable_secure_boot":false,"enable_vtpm":true}],"tags":[],"tags_fingerprint":"42WmSpB8rSM=","timeouts":null,"zone":"us-central1-a"},"sensitive_attributes":[[{"type":"get_attr","value":"boot_disk"},{"type":"index","value":{"value":0,"type":"number"}},{"type":"get_attr","value":"disk_encryption_key_raw"}]],"private":"eyJlMmJmYjczMC1lY2FhLTExZTYtOGY4OC0zNDM2M2JjN2M0YzAiOnsiY3JlYXRlIjoxMjAwMDAwMDAwMDAwLCJkZWxldGUiOjEyMDAwMDAwMDAwMDAsInVwZGF0ZSI6MTIwMDAwMDAwMDAwMH0sInNjaGVtYV92ZXJzaW9uIjoiNiJ9","dependencies":["google_compute_address.uptime_ip"]}]}],"check_results":null}
